// !$*UTF8*$!
{
	archiveVersion = 1;
	classes = {
	};
	objectVersion = 46;
	objects = {

/* Begin PBXBuildFile section */
		D092B7241E2F160A007C81F7 /* AppDelegate.swift in Sources */ = {isa = PBXBuildFile; fileRef = D092B7231E2F160A007C81F7 /* AppDelegate.swift */; };
		D092B7261E2F160A007C81F7 /* ViewController.swift in Sources */ = {isa = PBXBuildFile; fileRef = D092B7251E2F160A007C81F7 /* ViewController.swift */; };
		D092B7291E2F160A007C81F7 /* Main.storyboard in Resources */ = {isa = PBXBuildFile; fileRef = D092B7271E2F160A007C81F7 /* Main.storyboard */; };
		D092B72C1E2F160A007C81F7 /* Calculator_app.xcdatamodeld in Sources */ = {isa = PBXBuildFile; fileRef = D092B72A1E2F160A007C81F7 /* Calculator_app.xcdatamodeld */; };
		D092B72E1E2F160A007C81F7 /* Assets.xcassets in Resources */ = {isa = PBXBuildFile; fileRef = D092B72D1E2F160A007C81F7 /* Assets.xcassets */; };
		D092B7311E2F160A007C81F7 /* LaunchScreen.storyboard in Resources */ = {isa = PBXBuildFile; fileRef = D092B72F1E2F160A007C81F7 /* LaunchScreen.storyboard */; };
		D0F96E131E360373004880E0 /* model1.swift in Sources */ = {isa = PBXBuildFile; fileRef = D0F96E121E360373004880E0 /* model1.swift */; };
/* End PBXBuildFile section */

/* Begin PBXFileReference section */
		D092B7201E2F160A007C81F7 /* Calculator app.app */ = {isa = PBXFileReference; explicitFileType = wrapper.application; includeInIndex = 0; path = "Calculator app.app"; sourceTree = BUILT_PRODUCTS_DIR; };
		D092B7231E2F160A007C81F7 /* AppDelegate.swift */ = {isa = PBXFileReference; lastKnownFileType = sourcecode.swift; path = AppDelegate.swift; sourceTree = "<group>"; };
		D092B7251E2F160A007C81F7 /* ViewController.swift */ = {isa = PBXFileReference; lastKnownFileType = sourcecode.swift; path = ViewController.swift; sourceTree = "<group>"; };
		D092B7281E2F160A007C81F7 /* Base */ = {isa = PBXFileReference; lastKnownFileType = file.storyboard; name = Base; path = Base.lproj/Main.storyboard; sourceTree = "<group>"; };
		D092B72B1E2F160A007C81F7 /* Calculator_app.xcdatamodel */ = {isa = PBXFileReference; lastKnownFileType = wrapper.xcdatamodel; path = Calculator_app.xcdatamodel; sourceTree = "<group>"; };
		D092B72D1E2F160A007C81F7 /* Assets.xcassets */ = {isa = PBXFileReference; lastKnownFileType = folder.assetcatalog; path = Assets.xcassets; sourceTree = "<group>"; };
		D092B7301E2F160A007C81F7 /* Base */ = {isa = PBXFileReference; lastKnownFileType = file.storyboard; name = Base; path = Base.lproj/LaunchScreen.storyboard; sourceTree = "<group>"; };
		D092B7321E2F160A007C81F7 /* Info.plist */ = {isa = PBXFileReference; lastKnownFileType = text.plist.xml; path = Info.plist; sourceTree = "<group>"; };
		D0F96E121E360373004880E0 /* model1.swift */ = {isa = PBXFileReference; fileEncoding = 4; lastKnownFileType = sourcecode.swift; path = model1.swift; sourceTree = "<group>"; };
/* End PBXFileReference section */

/* Begin PBXFrameworksBuildPhase section */
		D092B71D1E2F1609007C81F7 /* Frameworks */ = {
			isa = PBXFrameworksBuildPhase;
			buildActionMask = 2147483647;
			files = (
			);
			runOnlyForDeploymentPostprocessing = 0;
		};
/* End PBXFrameworksBuildPhase section */

/* Begin PBXGroup section */
		D092B7171E2F1609007C81F7 = {
			isa = PBXGroup;
			children = (
				D0F96E111E36031F004880E0 /* Models */,
				D092B7221E2F160A007C81F7 /* Calculator app */,
				D092B7211E2F160A007C81F7 /* Products */,
			);
			sourceTree = "<group>";
		};
		D092B7211E2F160A007C81F7 /* Products */ = {
			isa = PBXGroup;
			children = (
				D092B7201E2F160A007C81F7 /* Calculator app.app */,
			);
			name = Products;
			sourceTree = "<group>";
		};
		D092B7221E2F160A007C81F7 /* Calculator app */ = {
			isa = PBXGroup;
			children = (
				D092B7231E2F160A007C81F7 /* AppDelegate.swift */,
				D092B7251E2F160A007C81F7 /* ViewController.swift */,
				D092B7271E2F160A007C81F7 /* Main.storyboard */,
				D092B72D1E2F160A007C81F7 /* Assets.xcassets */,
				D092B72F1E2F160A007C81F7 /* LaunchScreen.storyboard */,
				D092B7321E2F160A007C81F7 /* Info.plist */,
				D092B72A1E2F160A007C81F7 /* Calculator_app.xcdatamodeld */,
			);
			path = "Calculator app";
			sourceTree = "<group>";
		};
		D0F96E111E36031F004880E0 /* Models */ = {
			isa = PBXGroup;
			children = (
				D0F96E121E360373004880E0 /* model1.swift */,
			);
			name = Models;
			sourceTree = "<group>";
		};
/* End PBXGroup section */

/* Begin PBXNativeTarget section */
		D092B71F1E2F1609007C81F7 /* Calculator app */ = {
			isa = PBXNativeTarget;
			buildConfigurationList = D092B7351E2F160A007C81F7 /* Build configuration list for PBXNativeTarget "Calculator app" */;
			buildPhases = (
				D092B71C1E2F1609007C81F7 /* Sources */,
				D092B71D1E2F1609007C81F7 /* Frameworks */,
				D092B71E1E2F1609007C81F7 /* Resources */,
			);
			buildRules = (
			);
			dependencies = (
			);
			name = "Calculator app";
			productName = "Calculator app";
			productReference = D092B7201E2F160A007C81F7 /* Calculator app.app */;
			productType = "com.apple.product-type.application";
		};
/* End PBXNativeTarget section */

/* Begin PBXProject section */
		D092B7181E2F1609007C81F7 /* Project object */ = {
			isa = PBXProject;
			attributes = {
				LastSwiftUpdateCheck = 0820;
				LastUpgradeCheck = 0820;
				ORGANIZATIONNAME = "Pawanpreet kaur";
				TargetAttributes = {
					D092B71F1E2F1609007C81F7 = {
						CreatedOnToolsVersion = 8.2.1;
						ProvisioningStyle = Automatic;
					};
				};
			};
			buildConfigurationList = D092B71B1E2F1609007C81F7 /* Build configuration list for PBXProject "Calculator app" */;
			compatibilityVersion = "Xcode 3.2";
			developmentRegion = English;
			hasScannedForEncodings = 0;
			knownRegions = (
				en,
				Base,
			);
			mainGroup = D092B7171E2F1609007C81F7;
			productRefGroup = D092B7211E2F160A007C81F7 /* Products */;
			projectDirPath = "";
			projectRoot = "";
			targets = (
				D092B71F1E2F1609007C81F7 /* Calculator app */,
			);
		};
/* End PBXProject section */

/* Begin PBXResourcesBuildPhase section */
		D092B71E1E2F1609007C81F7 /* Resources */ = {
			isa = PBXResourcesBuildPhase;
			buildActionMask = 2147483647;
			files = (
				D092B7311E2F160A007C81F7 /* LaunchScreen.storyboard in Resources */,
				D092B72E1E2F160A007C81F7 /* Assets.xcassets in Resources */,
				D092B7291E2F160A007C81F7 /* Main.storyboard in Resources */,
			);
			runOnlyForDeploymentPostprocessing = 0;
		};
/* End PBXResourcesBuildPhase section */

/* Begin PBXSourcesBuildPhase section */
		D092B71C1E2F1609007C81F7 /* Sources */ = {
			isa = PBXSourcesBuildPhase;
			buildActionMask = 2147483647;
			files = (
				D092B7261E2F160A007C81F7 /* ViewController.swift in Sources */,
				D0F96E131E360373004880E0 /* model1.swift in Sources */,
				D092B72C1E2F160A007C81F7 /* Calculator_app.xcdatamodeld in Sources */,
				D092B7241E2F160A007C81F7 /* AppDelegate.swift in Sources */,
			);
			runOnlyForDeploymentPostprocessing = 0;
		};
/* End PBXSourcesBuildPhase section */

/* Begin PBXVariantGroup section */
		D092B7271E2F160A007C81F7 /* Main.storyboard */ = {
			isa = PBXVariantGroup;
			children = (
				D092B7281E2F160A007C81F7 /* Base */,
			);
			name = Main.storyboard;
			sourceTree = "<group>";
		};
		D092B72F1E2F160A007C81F7 /* LaunchScreen.storyboard */ = {
			isa = PBXVariantGroup;
			children = (
				D092B7301E2F160A007C81F7 /* Base */,
			);
			name = LaunchScreen.storyboard;
			sourceTree = "<group>";
		};
/* End PBXVariantGroup section */

/* Begin XCBuildConfiguration section */
		D092B7331E2F160A007C81F7 /* Debug */ = {
			isa = XCBuildConfiguration;
			buildSettings = {
				ALWAYS_SEARCH_USER_PATHS = NO;
				CLANG_ANALYZER_NONNULL = YES;
				CLANG_CXX_LANGUAGE_STANDARD = "gnu++0x";
				CLANG_CXX_LIBRARY = "libc++";
				CLANG_ENABLE_MODULES = YES;
				CLANG_ENABLE_OBJC_ARC = YES;
				CLANG_WARN_BOOL_CONVERSION = YES;
				CLANG_WARN_CONSTANT_CONVERSION = YES;
				CLANG_WARN_DIRECT_OBJC_ISA_USAGE = YES_ERROR;
				CLANG_WARN_DOCUMENTATION_COMMENTS = YES;
				CLANG_WARN_EMPTY_BODY = YES;
				CLANG_WARN_ENUM_CONVERSION = YES;
				CLANG_WARN_INFINITE_RECURSION = YES;
				CLANG_WARN_INT_CONVERSION = YES;
				CLANG_WARN_OBJC_ROOT_CLASS = YES_ERROR;
				CLANG_WARN_SUSPICIOUS_MOVE = YES;
				CLANG_WARN_UNREACHABLE_CODE = YES;
				CLANG_WARN__DUPLICATE_METHOD_MATCH = YES;
				"CODE_SIGN_IDENTITY[sdk=iphoneos*]" = "iPhone Developer";
				COPY_PHASE_STRIP = NO;
				DEBUG_INFORMATION_FORMAT = dwarf;
				ENABLE_STRICT_OBJC_MSGSEND = YES;
				ENABLE_TESTABILITY = YES;
				GCC_C_LANGUAGE_STANDARD = gnu99;
				GCC_DYNAMIC_NO_PIC = NO;
				GCC_NO_COMMON_BLOCKS = YES;
				GCC_OPTIMIZATION_LEVEL = 0;
				GCC_PREPROCESSOR_DEFINITIONS = (
					"DEBUG=1",
					"$(inherited)",
				);
				GCC_WARN_64_TO_32_BIT_CONVERSION = YES;
				GCC_WARN_ABOUT_RETURN_TYPE = YES_ERROR;
				GCC_WARN_UNDECLARED_SELECTOR = YES;
				GCC_WARN_UNINITIALIZED_AUTOS = YES_AGGRESSIVE;
				GCC_WARN_UNUSED_FUNCTION = YES;
				GCC_WARN_UNUSED_VARIABLE = YES;
				IPHONEOS_DEPLOYMENT_TARGET = 10.2;
				MTL_ENABLE_DEBUG_INFO = YES;
				ONLY_ACTIVE_ARCH = YES;
				SDKROOT = iphoneos;
				SWIFT_ACTIVE_COMPILATION_CONDITIONS = DEBUG;
				SWIFT_OPTIMIZATION_LEVEL = "-Onone";
			};
			name = Debug;
		};
		D092B7341E2F160A007C81F7 /* Release */ = {
			isa = XCBuildConfiguration;
			buildSettings = {
				ALWAYS_SEARCH_USER_PATHS = NO;
				CLANG_ANALYZER_NONNULL = YES;
				CLANG_CXX_LANGUAGE_STANDARD = "gnu++0x";
				CLANG_CXX_LIBRARY = "libc++";
				CLANG_ENABLE_MODULES = YES;
				CLANG_ENABLE_OBJC_ARC = YES;
				CLANG_WARN_BOOL_CONVERSION = YES;
				CLANG_WARN_CONSTANT_CONVERSION = YES;
				CLANG_WARN_DIRECT_OBJC_ISA_USAGE = YES_ERROR;
				CLANG_WARN_DOCUMENTATION_COMMENTS = YES;
				CLANG_WARN_EMPTY_BODY = YES;
				CLANG_WARN_ENUM_CONVERSION = YES;
				CLANG_WARN_INFINITE_RECURSION = YES;
				CLANG_WARN_INT_CONVERSION = YES;
				CLANG_WARN_OBJC_ROOT_CLASS = YES_ERROR;
				CLANG_WARN_SUSPICIOUS_MOVE = YES;
				CLANG_WARN_UNREACHABLE_CODE = YES;
				CLANG_WARN__DUPLICATE_METHOD_MATCH = YES;
				"CODE_SIGN_IDENTITY[sdk=iphoneos*]" = "iPhone Developer";
				COPY_PHASE_STRIP = NO;
				DEBUG_INFORMATION_FORMAT = "dwarf-with-dsym";
				ENABLE_NS_ASSERTIONS = NO;
				ENABLE_STRICT_OBJC_MSGSEND = YES;
				GCC_C_LANGUAGE_STANDARD = gnu99;
				GCC_NO_COMMON_BLOCKS = YES;
				GCC_WARN_64_TO_32_BIT_CONVERSION = YES;
				GCC_WARN_ABOUT_RETURN_TYPE = YES_ERROR;
				GCC_WARN_UNDECLARED_SELECTOR = YES;
				GCC_WARN_UNINITIALIZED_AUTOS = YES_AGGRESSIVE;
				GCC_WARN_UNUSED_FUNCTION = YES;
				GCC_WARN_UNUSED_VARIABLE = YES;
				IPHONEOS_DEPLOYMENT_TARGET = 10.2;
				MTL_ENABLE_DEBUG_INFO = NO;
				SDKROOT = iphoneos;
				SWIFT_OPTIMIZATION_LEVEL = "-Owholemodule";
				VALIDATE_PRODUCT = YES;
			};
			name = Release;
		};
		D092B7361E2F160A007C81F7 /* Debug */ = {
			isa = XCBuildConfiguration;
			buildSettings = {
				ASSETCATALOG_COMPILER_APPICON_NAME = AppIcon;
				INFOPLIST_FILE = "Calculator app/Info.plist";
				LD_RUNPATH_SEARCH_PATHS = "$(inherited) @executable_path/Frameworks";
				PRODUCT_BUNDLE_IDENTIFIER = "com.300916703.firebase.Calculator-app";
				PRODUCT_NAME = "$(TARGET_NAME)";
				SWIFT_VERSION = 3.0;
			};
			name = Debug;
		};
		D092B7371E2F160A007C81F7 /* Release */ = {
			isa = XCBuildConfiguration;
			buildSettings = {
				ASSETCATALOG_COMPILER_APPICON_NAME = AppIcon;
				INFOPLIST_FILE = "Calculator app/Info.plist";
				LD_RUNPATH_SEARCH_PATHS = "$(inherited) @executable_path/Frameworks";
				PRODUCT_BUNDLE_IDENTIFIER = "com.300916703.firebase.Calculator-app";
				PRODUCT_NAME = "$(TARGET_NAME)";
				SWIFT_VERSION = 3.0;
			};
			name = Release;
		};
/* End XCBuildConfiguration section */

/* Begin XCConfigurationList section */
		D092B71B1E2F1609007C81F7 /* Build configuration list for PBXProject "Calculator app" */ = {
			isa = XCConfigurationList;
			buildConfigurations = (
				D092B7331E2F160A007C81F7 /* Debug */,
				D092B7341E2F160A007C81F7 /* Release */,
			);
			defaultConfigurationIsVisible = 0;
			defaultConfigurationName = Release;
		};
		D092B7351E2F160A007C81F7 /* Build configuration list for PBXNativeTarget "Calculator app" */ = {
			isa = XCConfigurationList;
			buildConfigurations = (
				D092B7361E2F160A007C81F7 /* Debug */,
				D092B7371E2F160A007C81F7 /* Release */,
			);
			defaultConfigurationIsVisible = 0;
			defaultConfigurationName = Release;
		};
/* End XCConfigurationList section */

/* Begin XCVersionGroup section */
		D092B72A1E2F160A007C81F7 /* Calculator_app.xcdatamodeld */ = {
			isa = XCVersionGroup;
			children = (
				D092B72B1E2F160A007C81F7 /* Calculator_app.xcdatamodel */,
			);
			currentVersion = D092B72B1E2F160A007C81F7 /* Calculator_app.xcdatamodel */;
			path = Calculator_app.xcdatamodeld;
			sourceTree = "<group>";
			versionGroupType = wrapper.xcdatamodel;
		};
/* End XCVersionGroup section */
	};
	rootObject = D092B7181E2F1609007C81F7 /* Project object */;
}
